
Microsoft Visual Studio Solution File, Format Version 12.00
# Visual Studio 15
VisualStudioVersion = 15.0.27703.2035
MinimumVisualStudioVersion = 10.0.40219.1
Project("{FAE04EC0-301F-11D3-BF4B-00C04F79EFBC}") = "BasicVisiCalcApp", "BasicVisiCalcApp\BasicVisiCalcApp.csproj", "{51C779FF-FB72-41BC-BD18-3F0CF7B7473A}"
EndProject
Global
	GlobalSection(SolutionConfigurationPlatforms) = preSolution
		Debug|Any CPU = Debug|Any CPU
		Release|Any CPU = Release|Any CPU
	EndGlobalSection
	GlobalSection(ProjectConfigurationPlatforms) = postSolution
		{51C779FF-FB72-41BC-BD18-3F0CF7B7473A}.Debug|Any CPU.ActiveCfg = Debug|Any CPU
		{51C779FF-FB72-41BC-BD18-3F0CF7B7473A}.Debug|Any CPU.Build.0 = Debug|Any CPU
		{51C779FF-FB72-41BC-BD18-3F0CF7B7473A}.Release|Any CPU.ActiveCfg = Release|Any CPU
		{51C779FF-FB72-41BC-BD18-3F0CF7B7473A}.Release|Any CPU.Build.0 = Release|Any CPU
	EndGlobalSection
	GlobalSection(SolutionProperties) = preSolution
		HideSolutionNode = FALSE
	EndGlobalSection
	GlobalSection(ExtensibilityGlobals) = postSolution
		SolutionGuid = {7F36E4A2-5D56-4AE3-B215-0EA30D0E99BF}
	EndGlobalSection
EndGlobal
